// !$*UTF8*$!
{
	archiveVersion = 1;
	classes = {
	};
	objectVersion = 77;
	objects = {

/* Begin PBXBuildFile section */
		12B689622CAE9088004F3EAA /* SwiftWhisper in Frameworks */ = {isa = PBXBuildFile; productRef = 12B689612CAE9088004F3EAA /* SwiftWhisper */; };
/* End PBXBuildFile section */

/* Begin PBXContainerItemProxy section */
		12B689242CAE901F004F3EAA /* PBXContainerItemProxy */ = {
			isa = PBXContainerItemProxy;
			containerPortal = 12B6890A2CAE901E004F3EAA /* Project object */;
			proxyType = 1;
			remoteGlobalIDString = 12B689112CAE901E004F3EAA;
			remoteInfo = SwiftWhisper;
		};
		12B6892E2CAE901F004F3EAA /* PBXContainerItemProxy */ = {
			isa = PBXContainerItemProxy;
			containerPortal = 12B6890A2CAE901E004F3EAA /* Project object */;
			proxyType = 1;
			remoteGlobalIDString = 12B689112CAE901E004F3EAA;
			remoteInfo = SwiftWhisper;
		};
/* End PBXContainerItemProxy section */

/* Begin PBXFileReference section */
		12B689122CAE901E004F3EAA /* SwiftWhisper.app */ = {isa = PBXFileReference; explicitFileType = wrapper.application; includeInIndex = 0; path = SwiftWhisper.app; sourceTree = BUILT_PRODUCTS_DIR; };
		12B689232CAE901F004F3EAA /* SwiftWhisperTests.xctest */ = {isa = PBXFileReference; explicitFileType = wrapper.cfbundle; includeInIndex = 0; path = SwiftWhisperTests.xctest; sourceTree = BUILT_PRODUCTS_DIR; };
		12B6892D2CAE901F004F3EAA /* SwiftWhisperUITests.xctest */ = {isa = PBXFileReference; explicitFileType = wrapper.cfbundle; includeInIndex = 0; path = SwiftWhisperUITests.xctest; sourceTree = BUILT_PRODUCTS_DIR; };
/* End PBXFileReference section */

/* Begin PBXFileSystemSynchronizedRootGroup section */
		12B689142CAE901E004F3EAA /* SwiftWhisper */ = {
			isa = PBXFileSystemSynchronizedRootGroup;
			path = SwiftWhisper;
			sourceTree = "<group>";
		};
		12B689262CAE901F004F3EAA /* SwiftWhisperTests */ = {
			isa = PBXFileSystemSynchronizedRootGroup;
			path = SwiftWhisperTests;
			sourceTree = "<group>";
		};
		12B689302CAE901F004F3EAA /* SwiftWhisperUITests */ = {
			isa = PBXFileSystemSynchronizedRootGroup;
			path = SwiftWhisperUITests;
			sourceTree = "<group>";
		};
/* End PBXFileSystemSynchronizedRootGroup section */

/* Begin PBXFrameworksBuildPhase section */
		12B6890F2CAE901E004F3EAA /* Frameworks */ = {
			isa = PBXFrameworksBuildPhase;
			buildActionMask = 2147483647;
			files = (
				12B689622CAE9088004F3EAA /* SwiftWhisper in Frameworks */,
			);
			runOnlyForDeploymentPostprocessing = 0;
		};
		12B689202CAE901F004F3EAA /* Frameworks */ = {
			isa = PBXFrameworksBuildPhase;
			buildActionMask = 2147483647;
			files = (
			);
			runOnlyForDeploymentPostprocessing = 0;
		};
		12B6892A2CAE901F004F3EAA /* Frameworks */ = {
			isa = PBXFrameworksBuildPhase;
			buildActionMask = 2147483647;
			files = (
			);
			runOnlyForDeploymentPostprocessing = 0;
		};
/* End PBXFrameworksBuildPhase section */

/* Begin PBXGroup section */
		12B689092CAE901E004F3EAA = {
			isa = PBXGroup;
			children = (
				12B689142CAE901E004F3EAA /* SwiftWhisper */,
				12B689262CAE901F004F3EAA /* SwiftWhisperTests */,
				12B689302CAE901F004F3EAA /* SwiftWhisperUITests */,
				12B689132CAE901E004F3EAA /* Products */,
			);
			sourceTree = "<group>";
		};
		12B689132CAE901E004F3EAA /* Products */ = {
			isa = PBXGroup;
			children = (
				12B689122CAE901E004F3EAA /* SwiftWhisper.app */,
				12B689232CAE901F004F3EAA /* SwiftWhisperTests.xctest */,
				12B6892D2CAE901F004F3EAA /* SwiftWhisperUITests.xctest */,
			);
			name = Products;
			sourceTree = "<group>";
		};
/* End PBXGroup section */

/* Begin PBXNativeTarget section */
		12B689112CAE901E004F3EAA /* SwiftWhisper */ = {
			isa = PBXNativeTarget;
			buildConfigurationList = 12B689372CAE901F004F3EAA /* Build configuration list for PBXNativeTarget "SwiftWhisper" */;
			buildPhases = (
				12B6890E2CAE901E004F3EAA /* Sources */,
				12B6890F2CAE901E004F3EAA /* Frameworks */,
				12B689102CAE901E004F3EAA /* Resources */,
			);
			buildRules = (
			);
			dependencies = (
			);
			fileSystemSynchronizedGroups = (
				12B689142CAE901E004F3EAA /* SwiftWhisper */,
			);
			name = SwiftWhisper;
			packageProductDependencies = (
				12B689612CAE9088004F3EAA /* SwiftWhisper */,
			);
			productName = SwiftWhisper;
			productReference = 12B689122CAE901E004F3EAA /* SwiftWhisper.app */;
			productType = "com.apple.product-type.application";
		};
		12B689222CAE901F004F3EAA /* SwiftWhisperTests */ = {
			isa = PBXNativeTarget;
			buildConfigurationList = 12B6893A2CAE901F004F3EAA /* Build configuration list for PBXNativeTarget "SwiftWhisperTests" */;
			buildPhases = (
				12B6891F2CAE901F004F3EAA /* Sources */,
				12B689202CAE901F004F3EAA /* Frameworks */,
				12B689212CAE901F004F3EAA /* Resources */,
			);
			buildRules = (
			);
			dependencies = (
				12B689252CAE901F004F3EAA /* PBXTargetDependency */,
			);
			fileSystemSynchronizedGroups = (
				12B689262CAE901F004F3EAA /* SwiftWhisperTests */,
			);
			name = SwiftWhisperTests;
			packageProductDependencies = (
			);
			productName = SwiftWhisperTests;
			productReference = 12B689232CAE901F004F3EAA /* SwiftWhisperTests.xctest */;
			productType = "com.apple.product-type.bundle.unit-test";
		};
		12B6892C2CAE901F004F3EAA /* SwiftWhisperUITests */ = {
			isa = PBXNativeTarget;
			buildConfigurationList = 12B6893D2CAE901F004F3EAA /* Build configuration list for PBXNativeTarget "SwiftWhisperUITests" */;
			buildPhases = (
				12B689292CAE901F004F3EAA /* Sources */,
				12B6892A2CAE901F004F3EAA /* Frameworks */,
				12B6892B2CAE901F004F3EAA /* Resources */,
			);
			buildRules = (
			);
			dependencies = (
				12B6892F2CAE901F004F3EAA /* PBXTargetDependency */,
			);
			fileSystemSynchronizedGroups = (
				12B689302CAE901F004F3EAA /* SwiftWhisperUITests */,
			);
			name = SwiftWhisperUITests;
			packageProductDependencies = (
			);
			productName = SwiftWhisperUITests;
			productReference = 12B6892D2CAE901F004F3EAA /* SwiftWhisperUITests.xctest */;
			productType = "com.apple.product-type.bundle.ui-testing";
		};
/* End PBXNativeTarget section */

/* Begin PBXProject section */
		12B6890A2CAE901E004F3EAA /* Project object */ = {
			isa = PBXProject;
			attributes = {
				BuildIndependentTargetsInParallel = 1;
				LastSwiftUpdateCheck = 1600;
				LastUpgradeCheck = 1600;
				TargetAttributes = {
					12B689112CAE901E004F3EAA = {
						CreatedOnToolsVersion = 16.0;
					};
					12B689222CAE901F004F3EAA = {
						CreatedOnToolsVersion = 16.0;
						TestTargetID = 12B689112CAE901E004F3EAA;
					};
					12B6892C2CAE901F004F3EAA = {
						CreatedOnToolsVersion = 16.0;
						TestTargetID = 12B689112CAE901E004F3EAA;
					};
				};
			};
			buildConfigurationList = 12B6890D2CAE901E004F3EAA /* Build configuration list for PBXProject "SwiftWhisper" */;
			developmentRegion = en;
			hasScannedForEncodings = 0;
			knownRegions = (
				en,
				Base,
			);
			mainGroup = 12B689092CAE901E004F3EAA;
			minimizedProjectReferenceProxies = 1;
			packageReferences = (
				12B689602CAE9088004F3EAA /* XCLocalSwiftPackageReference "../../SwiftWhisper" */,
			);
			preferredProjectObjectVersion = 77;
			productRefGroup = 12B689132CAE901E004F3EAA /* Products */;
			projectDirPath = "";
			projectRoot = "";
			targets = (
				12B689112CAE901E004F3EAA /* SwiftWhisper */,
				12B689222CAE901F004F3EAA /* SwiftWhisperTests */,
				12B6892C2CAE901F004F3EAA /* SwiftWhisperUITests */,
			);
		};
/* End PBXProject section */

/* Begin PBXResourcesBuildPhase section */
		12B689102CAE901E004F3EAA /* Resources */ = {
			isa = PBXResourcesBuildPhase;
			buildActionMask = 2147483647;
			files = (
			);
			runOnlyForDeploymentPostprocessing = 0;
		};
		12B689212CAE901F004F3EAA /* Resources */ = {
			isa = PBXResourcesBuildPhase;
			buildActionMask = 2147483647;
			files = (
			);
			runOnlyForDeploymentPostprocessing = 0;
		};
		12B6892B2CAE901F004F3EAA /* Resources */ = {
			isa = PBXResourcesBuildPhase;
			buildActionMask = 2147483647;
			files = (
			);
			runOnlyForDeploymentPostprocessing = 0;
		};
/* End PBXResourcesBuildPhase section */

/* Begin PBXSourcesBuildPhase section */
		12B6890E2CAE901E004F3EAA /* Sources */ = {
			isa = PBXSourcesBuildPhase;
			buildActionMask = 2147483647;
			files = (
			);
			runOnlyForDeploymentPostprocessing = 0;
		};
		12B6891F2CAE901F004F3EAA /* Sources */ = {
			isa = PBXSourcesBuildPhase;
			buildActionMask = 2147483647;
			files = (
			);
			runOnlyForDeploymentPostprocessing = 0;
		};
		12B689292CAE901F004F3EAA /* Sources */ = {
			isa = PBXSourcesBuildPhase;
			buildActionMask = 2147483647;
			files = (
			);
			runOnlyForDeploymentPostprocessing = 0;
		};
/* End PBXSourcesBuildPhase section */

/* Begin PBXTargetDependency section */
		12B689252CAE901F004F3EAA /* PBXTargetDependency */ = {
			isa = PBXTargetDependency;
			target = 12B689112CAE901E004F3EAA /* SwiftWhisper */;
			targetProxy = 12B689242CAE901F004F3EAA /* PBXContainerItemProxy */;
		};
		12B6892F2CAE901F004F3EAA /* PBXTargetDependency */ = {
			isa = PBXTargetDependency;
			target = 12B689112CAE901E004F3EAA /* SwiftWhisper */;
			targetProxy = 12B6892E2CAE901F004F3EAA /* PBXContainerItemProxy */;
		};
/* End PBXTargetDependency section */

/* Begin XCBuildConfiguration section */
		12B689352CAE901F004F3EAA /* Debug */ = {
			isa = XCBuildConfiguration;
			buildSettings = {
				ALWAYS_SEARCH_USER_PATHS = NO;
				ASSETCATALOG_COMPILER_GENERATE_SWIFT_ASSET_SYMBOL_EXTENSIONS = YES;
				CLANG_ANALYZER_NONNULL = YES;
				CLANG_ANALYZER_NUMBER_OBJECT_CONVERSION = YES_AGGRESSIVE;
				CLANG_CXX_LANGUAGE_STANDARD = "gnu++20";
				CLANG_ENABLE_MODULES = YES;
				CLANG_ENABLE_OBJC_ARC = YES;
				CLANG_ENABLE_OBJC_WEAK = YES;
				CLANG_WARN_BLOCK_CAPTURE_AUTORELEASING = YES;
				CLANG_WARN_BOOL_CONVERSION = YES;
				CLANG_WARN_COMMA = YES;
				CLANG_WARN_CONSTANT_CONVERSION = YES;
				CLANG_WARN_DEPRECATED_OBJC_IMPLEMENTATIONS = YES;
				CLANG_WARN_DIRECT_OBJC_ISA_USAGE = YES_ERROR;
				CLANG_WARN_DOCUMENTATION_COMMENTS = YES;
				CLANG_WARN_EMPTY_BODY = YES;
				CLANG_WARN_ENUM_CONVERSION = YES;
				CLANG_WARN_INFINITE_RECURSION = YES;
				CLANG_WARN_INT_CONVERSION = YES;
				CLANG_WARN_NON_LITERAL_NULL_CONVERSION = YES;
				CLANG_WARN_OBJC_IMPLICIT_RETAIN_SELF = YES;
				CLANG_WARN_OBJC_LITERAL_CONVERSION = YES;
				CLANG_WARN_OBJC_ROOT_CLASS = YES_ERROR;
				CLANG_WARN_QUOTED_INCLUDE_IN_FRAMEWORK_HEADER = YES;
				CLANG_WARN_RANGE_LOOP_ANALYSIS = YES;
				CLANG_WARN_STRICT_PROTOTYPES = YES;
				CLANG_WARN_SUSPICIOUS_MOVE = YES;
				CLANG_WARN_UNGUARDED_AVAILABILITY = YES_AGGRESSIVE;
				CLANG_WARN_UNREACHABLE_CODE = YES;
				CLANG_WARN__DUPLICATE_METHOD_MATCH = YES;
				COPY_PHASE_STRIP = NO;
				DEBUG_INFORMATION_FORMAT = dwarf;
				ENABLE_STRICT_OBJC_MSGSEND = YES;
				ENABLE_TESTABILITY = YES;
				ENABLE_USER_SCRIPT_SANDBOXING = YES;
				GCC_C_LANGUAGE_STANDARD = gnu17;
				GCC_DYNAMIC_NO_PIC = NO;
				GCC_NO_COMMON_BLOCKS = YES;
				GCC_OPTIMIZATION_LEVEL = 0;
				GCC_PREPROCESSOR_DEFINITIONS = (
					"DEBUG=1",
					"$(inherited)",
				);
				GCC_WARN_64_TO_32_BIT_CONVERSION = YES;
				GCC_WARN_ABOUT_RETURN_TYPE = YES_ERROR;
				GCC_WARN_UNDECLARED_SELECTOR = YES;
				GCC_WARN_UNINITIALIZED_AUTOS = YES_AGGRESSIVE;
				GCC_WARN_UNUSED_FUNCTION = YES;
				GCC_WARN_UNUSED_VARIABLE = YES;
				LOCALIZATION_PREFERS_STRING_CATALOGS = YES;
				MACOSX_DEPLOYMENT_TARGET = 15.0;
				MTL_ENABLE_DEBUG_INFO = INCLUDE_SOURCE;
				MTL_FAST_MATH = YES;
				ONLY_ACTIVE_ARCH = YES;
				SDKROOT = macosx;
				SWIFT_ACTIVE_COMPILATION_CONDITIONS = "DEBUG $(inherited)";
				SWIFT_OPTIMIZATION_LEVEL = "-Onone";
			};
			name = Debug;
		};
		12B689362CAE901F004F3EAA /* Release */ = {
			isa = XCBuildConfiguration;
			buildSettings = {
				ALWAYS_SEARCH_USER_PATHS = NO;
				ASSETCATALOG_COMPILER_GENERATE_SWIFT_ASSET_SYMBOL_EXTENSIONS = YES;
				CLANG_ANALYZER_NONNULL = YES;
				CLANG_ANALYZER_NUMBER_OBJECT_CONVERSION = YES_AGGRESSIVE;
				CLANG_CXX_LANGUAGE_STANDARD = "gnu++20";
				CLANG_ENABLE_MODULES = YES;
				CLANG_ENABLE_OBJC_ARC = YES;
				CLANG_ENABLE_OBJC_WEAK = YES;
				CLANG_WARN_BLOCK_CAPTURE_AUTORELEASING = YES;
				CLANG_WARN_BOOL_CONVERSION = YES;
				CLANG_WARN_COMMA = YES;
				CLANG_WARN_CONSTANT_CONVERSION = YES;
				CLANG_WARN_DEPRECATED_OBJC_IMPLEMENTATIONS = YES;
				CLANG_WARN_DIRECT_OBJC_ISA_USAGE = YES_ERROR;
				CLANG_WARN_DOCUMENTATION_COMMENTS = YES;
				CLANG_WARN_EMPTY_BODY = YES;
				CLANG_WARN_ENUM_CONVERSION = YES;
				CLANG_WARN_INFINITE_RECURSION = YES;
				CLANG_WARN_INT_CONVERSION = YES;
				CLANG_WARN_NON_LITERAL_NULL_CONVERSION = YES;
				CLANG_WARN_OBJC_IMPLICIT_RETAIN_SELF = YES;
				CLANG_WARN_OBJC_LITERAL_CONVERSION = YES;
				CLANG_WARN_OBJC_ROOT_CLASS = YES_ERROR;
				CLANG_WARN_QUOTED_INCLUDE_IN_FRAMEWORK_HEADER = YES;
				CLANG_WARN_RANGE_LOOP_ANALYSIS = YES;
				CLANG_WARN_STRICT_PROTOTYPES = YES;
				CLANG_WARN_SUSPICIOUS_MOVE = YES;
				CLANG_WARN_UNGUARDED_AVAILABILITY = YES_AGGRESSIVE;
				CLANG_WARN_UNREACHABLE_CODE = YES;
				CLANG_WARN__DUPLICATE_METHOD_MATCH = YES;
				COPY_PHASE_STRIP = NO;
				DEBUG_INFORMATION_FORMAT = "dwarf-with-dsym";
				ENABLE_NS_ASSERTIONS = NO;
				ENABLE_STRICT_OBJC_MSGSEND = YES;
				ENABLE_USER_SCRIPT_SANDBOXING = YES;
				GCC_C_LANGUAGE_STANDARD = gnu17;
				GCC_NO_COMMON_BLOCKS = YES;
				GCC_WARN_64_TO_32_BIT_CONVERSION = YES;
				GCC_WARN_ABOUT_RETURN_TYPE = YES_ERROR;
				GCC_WARN_UNDECLARED_SELECTOR = YES;
				GCC_WARN_UNINITIALIZED_AUTOS = YES_AGGRESSIVE;
				GCC_WARN_UNUSED_FUNCTION = YES;
				GCC_WARN_UNUSED_VARIABLE = YES;
				LOCALIZATION_PREFERS_STRING_CATALOGS = YES;
				MACOSX_DEPLOYMENT_TARGET = 15.0;
				MTL_ENABLE_DEBUG_INFO = NO;
				MTL_FAST_MATH = YES;
				SDKROOT = macosx;
				SWIFT_COMPILATION_MODE = wholemodule;
			};
			name = Release;
		};
		12B689382CAE901F004F3EAA /* Debug */ = {
			isa = XCBuildConfiguration;
			buildSettings = {
				ASSETCATALOG_COMPILER_APPICON_NAME = AppIcon;
				ASSETCATALOG_COMPILER_GLOBAL_ACCENT_COLOR_NAME = AccentColor;
				CODE_SIGN_ENTITLEMENTS = SwiftWhisper/SwiftWhisper.entitlements;
				CODE_SIGN_STYLE = Automatic;
				COMBINE_HIDPI_IMAGES = YES;
				CURRENT_PROJECT_VERSION = 1;
				DEVELOPMENT_ASSET_PATHS = "\"SwiftWhisper/Preview Content\"";
				DEVELOPMENT_TEAM = WWCKBW8CKN;
				ENABLE_HARDENED_RUNTIME = YES;
				ENABLE_PREVIEWS = YES;
				GENERATE_INFOPLIST_FILE = YES;
				INFOPLIST_KEY_NSHumanReadableCopyright = "";
				LD_RUNPATH_SEARCH_PATHS = (
					"$(inherited)",
					"@executable_path/../Frameworks",
				);
				MARKETING_VERSION = 1.0;
				PRODUCT_BUNDLE_IDENTIFIER = "-amageek..SwiftWhisper";
				PRODUCT_NAME = "$(TARGET_NAME)";
				SWIFT_EMIT_LOC_STRINGS = YES;
				SWIFT_VERSION = 5.0;
			};
			name = Debug;
		};
		12B689392CAE901F004F3EAA /* Release */ = {
			isa = XCBuildConfiguration;
			buildSettings = {
				ASSETCATALOG_COMPILER_APPICON_NAME = AppIcon;
				ASSETCATALOG_COMPILER_GLOBAL_ACCENT_COLOR_NAME = AccentColor;
				CODE_SIGN_ENTITLEMENTS = SwiftWhisper/SwiftWhisper.entitlements;
				CODE_SIGN_STYLE = Automatic;
				COMBINE_HIDPI_IMAGES = YES;
				CURRENT_PROJECT_VERSION = 1;
				DEVELOPMENT_ASSET_PATHS = "\"SwiftWhisper/Preview Content\"";
				DEVELOPMENT_TEAM = WWCKBW8CKN;
				ENABLE_HARDENED_RUNTIME = YES;
				ENABLE_PREVIEWS = YES;
				GENERATE_INFOPLIST_FILE = YES;
				INFOPLIST_KEY_NSHumanReadableCopyright = "";
				LD_RUNPATH_SEARCH_PATHS = (
					"$(inherited)",
					"@executable_path/../Frameworks",
				);
				MARKETING_VERSION = 1.0;
				PRODUCT_BUNDLE_IDENTIFIER = "-amageek..SwiftWhisper";
				PRODUCT_NAME = "$(TARGET_NAME)";
				SWIFT_EMIT_LOC_STRINGS = YES;
				SWIFT_VERSION = 5.0;
			};
			name = Release;
		};
		12B6893B2CAE901F004F3EAA /* Debug */ = {
			isa = XCBuildConfiguration;
			buildSettings = {
				BUNDLE_LOADER = "$(TEST_HOST)";
				CODE_SIGN_STYLE = Automatic;
				CURRENT_PROJECT_VERSION = 1;
				DEVELOPMENT_TEAM = WWCKBW8CKN;
				GENERATE_INFOPLIST_FILE = YES;
				MACOSX_DEPLOYMENT_TARGET = 15.0;
				MARKETING_VERSION = 1.0;
				PRODUCT_BUNDLE_IDENTIFIER = "-amageek..SwiftWhisperTests";
				PRODUCT_NAME = "$(TARGET_NAME)";
				SWIFT_EMIT_LOC_STRINGS = NO;
				SWIFT_VERSION = 5.0;
				TEST_HOST = "$(BUILT_PRODUCTS_DIR)/SwiftWhisper.app/$(BUNDLE_EXECUTABLE_FOLDER_PATH)/SwiftWhisper";
			};
			name = Debug;
		};
		12B6893C2CAE901F004F3EAA /* Release */ = {
			isa = XCBuildConfiguration;
			buildSettings = {
				BUNDLE_LOADER = "$(TEST_HOST)";
				CODE_SIGN_STYLE = Automatic;
				CURRENT_PROJECT_VERSION = 1;
				DEVELOPMENT_TEAM = WWCKBW8CKN;
				GENERATE_INFOPLIST_FILE = YES;
				MACOSX_DEPLOYMENT_TARGET = 15.0;
				MARKETING_VERSION = 1.0;
				PRODUCT_BUNDLE_IDENTIFIER = "-amageek..SwiftWhisperTests";
				PRODUCT_NAME = "$(TARGET_NAME)";
				SWIFT_EMIT_LOC_STRINGS = NO;
				SWIFT_VERSION = 5.0;
				TEST_HOST = "$(BUILT_PRODUCTS_DIR)/SwiftWhisper.app/$(BUNDLE_EXECUTABLE_FOLDER_PATH)/SwiftWhisper";
			};
			name = Release;
		};
		12B6893E2CAE901F004F3EAA /* Debug */ = {
			isa = XCBuildConfiguration;
			buildSettings = {
				CODE_SIGN_STYLE = Automatic;
				CURRENT_PROJECT_VERSION = 1;
				DEVELOPMENT_TEAM = WWCKBW8CKN;
				GENERATE_INFOPLIST_FILE = YES;
				MARKETING_VERSION = 1.0;
				PRODUCT_BUNDLE_IDENTIFIER = "-amageek..SwiftWhisperUITests";
				PRODUCT_NAME = "$(TARGET_NAME)";
				SWIFT_EMIT_LOC_STRINGS = NO;
				SWIFT_VERSION = 5.0;
				TEST_TARGET_NAME = SwiftWhisper;
			};
			name = Debug;
		};
		12B6893F2CAE901F004F3EAA /* Release */ = {
			isa = XCBuildConfiguration;
			buildSettings = {
				CODE_SIGN_STYLE = Automatic;
				CURRENT_PROJECT_VERSION = 1;
				DEVELOPMENT_TEAM = WWCKBW8CKN;
				GENERATE_INFOPLIST_FILE = YES;
				MARKETING_VERSION = 1.0;
				PRODUCT_BUNDLE_IDENTIFIER = "-amageek..SwiftWhisperUITests";
				PRODUCT_NAME = "$(TARGET_NAME)";
				SWIFT_EMIT_LOC_STRINGS = NO;
				SWIFT_VERSION = 5.0;
				TEST_TARGET_NAME = SwiftWhisper;
			};
			name = Release;
		};
/* End XCBuildConfiguration section */

/* Begin XCConfigurationList section */
		12B6890D2CAE901E004F3EAA /* Build configuration list for PBXProject "SwiftWhisper" */ = {
			isa = XCConfigurationList;
			buildConfigurations = (
				12B689352CAE901F004F3EAA /* Debug */,
				12B689362CAE901F004F3EAA /* Release */,
			);
			defaultConfigurationIsVisible = 0;
			defaultConfigurationName = Release;
		};
		12B689372CAE901F004F3EAA /* Build configuration list for PBXNativeTarget "SwiftWhisper" */ = {
			isa = XCConfigurationList;
			buildConfigurations = (
				12B689382CAE901F004F3EAA /* Debug */,
				12B689392CAE901F004F3EAA /* Release */,
			);
			defaultConfigurationIsVisible = 0;
			defaultConfigurationName = Release;
		};
		12B6893A2CAE901F004F3EAA /* Build configuration list for PBXNativeTarget "SwiftWhisperTests" */ = {
			isa = XCConfigurationList;
			buildConfigurations = (
				12B6893B2CAE901F004F3EAA /* Debug */,
				12B6893C2CAE901F004F3EAA /* Release */,
			);
			defaultConfigurationIsVisible = 0;
			defaultConfigurationName = Release;
		};
		12B6893D2CAE901F004F3EAA /* Build configuration list for PBXNativeTarget "SwiftWhisperUITests" */ = {
			isa = XCConfigurationList;
			buildConfigurations = (
				12B6893E2CAE901F004F3EAA /* Debug */,
				12B6893F2CAE901F004F3EAA /* Release */,
			);
			defaultConfigurationIsVisible = 0;
			defaultConfigurationName = Release;
		};
/* End XCConfigurationList section */

/* Begin XCLocalSwiftPackageReference section */
		12B689602CAE9088004F3EAA /* XCLocalSwiftPackageReference "../../SwiftWhisper" */ = {
			isa = XCLocalSwiftPackageReference;
			relativePath = ../../SwiftWhisper;
		};
/* End XCLocalSwiftPackageReference section */

/* Begin XCSwiftPackageProductDependency section */
		12B689612CAE9088004F3EAA /* SwiftWhisper */ = {
			isa = XCSwiftPackageProductDependency;
			productName = SwiftWhisper;
		};
/* End XCSwiftPackageProductDependency section */
	};
	rootObject = 12B6890A2CAE901E004F3EAA /* Project object */;
}
